// !$*UTF8*$!
{
	archiveVersion = 1;
	classes = {
	};
	objectVersion = 46;
	objects = {

/* Begin PBXBuildFile section */
		841227301CCB7A3900F7ED31 /* main.m in Sources */ = {isa = PBXBuildFile; fileRef = 8412272F1CCB7A3900F7ED31 /* main.m */; };
		841227331CCB7A3900F7ED31 /* AppDelegate.m in Sources */ = {isa = PBXBuildFile; fileRef = 841227321CCB7A3900F7ED31 /* AppDelegate.m */; };
		841227361CCB7A3900F7ED31 /* ViewController.m in Sources */ = {isa = PBXBuildFile; fileRef = 841227351CCB7A3900F7ED31 /* ViewController.m */; };
		841227391CCB7A3900F7ED31 /* Main.storyboard in Resources */ = {isa = PBXBuildFile; fileRef = 841227371CCB7A3900F7ED31 /* Main.storyboard */; };
		8412273B1CCB7A3900F7ED31 /* Assets.xcassets in Resources */ = {isa = PBXBuildFile; fileRef = 8412273A1CCB7A3900F7ED31 /* Assets.xcassets */; };
		8412273E1CCB7A3900F7ED31 /* LaunchScreen.storyboard in Resources */ = {isa = PBXBuildFile; fileRef = 8412273C1CCB7A3900F7ED31 /* LaunchScreen.storyboard */; };
/* End PBXBuildFile section */

/* Begin PBXFileReference section */
		8412272B1CCB7A3900F7ED31 /* shake.app */ = {isa = PBXFileReference; explicitFileType = wrapper.application; includeInIndex = 0; path = shake.app; sourceTree = BUILT_PRODUCTS_DIR; };
		8412272F1CCB7A3900F7ED31 /* main.m */ = {isa = PBXFileReference; lastKnownFileType = sourcecode.c.objc; path = main.m; sourceTree = "<group>"; };
		841227311CCB7A3900F7ED31 /* AppDelegate.h */ = {isa = PBXFileReference; lastKnownFileType = sourcecode.c.h; path = AppDelegate.h; sourceTree = "<group>"; };
		841227321CCB7A3900F7ED31 /* AppDelegate.m */ = {isa = PBXFileReference; lastKnownFileType = sourcecode.c.objc; path = AppDelegate.m; sourceTree = "<group>"; };
		841227341CCB7A3900F7ED31 /* ViewController.h */ = {isa = PBXFileReference; lastKnownFileType = sourcecode.c.h; path = ViewController.h; sourceTree = "<group>"; };
		841227351CCB7A3900F7ED31 /* ViewController.m */ = {isa = PBXFileReference; lastKnownFileType = sourcecode.c.objc; path = ViewController.m; sourceTree = "<group>"; };
		841227381CCB7A3900F7ED31 /* Base */ = {isa = PBXFileReference; lastKnownFileType = file.storyboard; name = Base; path = Base.lproj/Main.storyboard; sourceTree = "<group>"; };
		8412273A1CCB7A3900F7ED31 /* Assets.xcassets */ = {isa = PBXFileReference; lastKnownFileType = folder.assetcatalog; path = Assets.xcassets; sourceTree = "<group>"; };
		8412273D1CCB7A3900F7ED31 /* Base */ = {isa = PBXFileReference; lastKnownFileType = file.storyboard; name = Base; path = Base.lproj/LaunchScreen.storyboard; sourceTree = "<group>"; };
		8412273F1CCB7A3900F7ED31 /* Info.plist */ = {isa = PBXFileReference; lastKnownFileType = text.plist.xml; path = Info.plist; sourceTree = "<group>"; };
/* End PBXFileReference section */

/* Begin PBXFrameworksBuildPhase section */
		841227281CCB7A3900F7ED31 /* Frameworks */ = {
			isa = PBXFrameworksBuildPhase;
			buildActionMask = 2147483647;
			files = (
			);
			runOnlyForDeploymentPostprocessing = 0;
		};
/* End PBXFrameworksBuildPhase section */

/* Begin PBXGroup section */
		841227221CCB7A3900F7ED31 = {
			isa = PBXGroup;
			children = (
				8412272D1CCB7A3900F7ED31 /* shake */,
				8412272C1CCB7A3900F7ED31 /* Products */,
			);
			sourceTree = "<group>";
		};
		8412272C1CCB7A3900F7ED31 /* Products */ = {
			isa = PBXGroup;
			children = (
				8412272B1CCB7A3900F7ED31 /* shake.app */,
			);
			name = Products;
			sourceTree = "<group>";
		};
		8412272D1CCB7A3900F7ED31 /* shake */ = {
			isa = PBXGroup;
			children = (
				841227311CCB7A3900F7ED31 /* AppDelegate.h */,
				841227321CCB7A3900F7ED31 /* AppDelegate.m */,
				841227341CCB7A3900F7ED31 /* ViewController.h */,
				841227351CCB7A3900F7ED31 /* ViewController.m */,
				841227371CCB7A3900F7ED31 /* Main.storyboard */,
				8412273A1CCB7A3900F7ED31 /* Assets.xcassets */,
				8412273C1CCB7A3900F7ED31 /* LaunchScreen.storyboard */,
				8412273F1CCB7A3900F7ED31 /* Info.plist */,
				8412272E1CCB7A3900F7ED31 /* Supporting Files */,
			);
			path = shake;
			sourceTree = "<group>";
		};
		8412272E1CCB7A3900F7ED31 /* Supporting Files */ = {
			isa = PBXGroup;
			children = (
				8412272F1CCB7A3900F7ED31 /* main.m */,
			);
			name = "Supporting Files";
			sourceTree = "<group>";
		};
/* End PBXGroup section */

/* Begin PBXNativeTarget section */
		8412272A1CCB7A3900F7ED31 /* shake */ = {
			isa = PBXNativeTarget;
			buildConfigurationList = 841227421CCB7A3900F7ED31 /* Build configuration list for PBXNativeTarget "shake" */;
			buildPhases = (
				841227271CCB7A3900F7ED31 /* Sources */,
				841227281CCB7A3900F7ED31 /* Frameworks */,
				841227291CCB7A3900F7ED31 /* Resources */,
			);
			buildRules = (
			);
			dependencies = (
			);
			name = shake;
			productName = shake;
			productReference = 8412272B1CCB7A3900F7ED31 /* shake.app */;
			productType = "com.apple.product-type.application";
		};
/* End PBXNativeTarget section */

/* Begin PBXProject section */
		841227231CCB7A3900F7ED31 /* Project object */ = {
			isa = PBXProject;
			attributes = {
				LastUpgradeCheck = 0710;
				ORGANIZATIONNAME = Techkids;
				TargetAttributes = {
					8412272A1CCB7A3900F7ED31 = {
						CreatedOnToolsVersion = 7.1.1;
					};
				};
			};
			buildConfigurationList = 841227261CCB7A3900F7ED31 /* Build configuration list for PBXProject "shake" */;
			compatibilityVersion = "Xcode 3.2";
			developmentRegion = English;
			hasScannedForEncodings = 0;
			knownRegions = (
				en,
				Base,
			);
			mainGroup = 841227221CCB7A3900F7ED31;
			productRefGroup = 8412272C1CCB7A3900F7ED31 /* Products */;
			projectDirPath = "";
			projectRoot = "";
			targets = (
				8412272A1CCB7A3900F7ED31 /* shake */,
			);
		};
/* End PBXProject section */

/* Begin PBXResourcesBuildPhase section */
		841227291CCB7A3900F7ED31 /* Resources */ = {
			isa = PBXResourcesBuildPhase;
			buildActionMask = 2147483647;
			files = (
				8412273E1CCB7A3900F7ED31 /* LaunchScreen.storyboard in Resources */,
				8412273B1CCB7A3900F7ED31 /* Assets.xcassets in Resources */,
				841227391CCB7A3900F7ED31 /* Main.storyboard in Resources */,
			);
			runOnlyForDeploymentPostprocessing = 0;
		};
/* End PBXResourcesBuildPhase section */

/* Begin PBXSourcesBuildPhase section */
		841227271CCB7A3900F7ED31 /* Sources */ = {
			isa = PBXSourcesBuildPhase;
			buildActionMask = 2147483647;
			files = (
				841227361CCB7A3900F7ED31 /* ViewController.m in Sources */,
				841227331CCB7A3900F7ED31 /* AppDelegate.m in Sources */,
				841227301CCB7A3900F7ED31 /* main.m in Sources */,
			);
			runOnlyForDeploymentPostprocessing = 0;
		};
/* End PBXSourcesBuildPhase section */

/* Begin PBXVariantGroup section */
		841227371CCB7A3900F7ED31 /* Main.storyboard */ = {
			isa = PBXVariantGroup;
			children = (
				841227381CCB7A3900F7ED31 /* Base */,
			);
			name = Main.storyboard;
			sourceTree = "<group>";
		};
		8412273C1CCB7A3900F7ED31 /* LaunchScreen.storyboard */ = {
			isa = PBXVariantGroup;
			children = (
				8412273D1CCB7A3900F7ED31 /* Base */,
			);
			name = LaunchScreen.storyboard;
			sourceTree = "<group>";
		};
/* End PBXVariantGroup section */

/* Begin XCBuildConfiguration section */
		841227401CCB7A3900F7ED31 /* Debug */ = {
			isa = XCBuildConfiguration;
			buildSettings = {
				ALWAYS_SEARCH_USER_PATHS = NO;
				CLANG_CXX_LANGUAGE_STANDARD = "gnu++0x";
				CLANG_CXX_LIBRARY = "libc++";
				CLANG_ENABLE_MODULES = YES;
				CLANG_ENABLE_OBJC_ARC = YES;
				CLANG_WARN_BOOL_CONVERSION = YES;
				CLANG_WARN_CONSTANT_CONVERSION = YES;
				CLANG_WARN_DIRECT_OBJC_ISA_USAGE = YES_ERROR;
				CLANG_WARN_EMPTY_BODY = YES;
				CLANG_WARN_ENUM_CONVERSION = YES;
				CLANG_WARN_INT_CONVERSION = YES;
				CLANG_WARN_OBJC_ROOT_CLASS = YES_ERROR;
				CLANG_WARN_UNREACHABLE_CODE = YES;
				CLANG_WARN__DUPLICATE_METHOD_MATCH = YES;
				"CODE_SIGN_IDENTITY[sdk=iphoneos*]" = "iPhone Developer";
				COPY_PHASE_STRIP = NO;
				DEBUG_INFORMATION_FORMAT = dwarf;
				ENABLE_STRICT_OBJC_MSGSEND = YES;
				ENABLE_TESTABILITY = YES;
				GCC_C_LANGUAGE_STANDARD = gnu99;
				GCC_DYNAMIC_NO_PIC = NO;
				GCC_NO_COMMON_BLOCKS = YES;
				GCC_OPTIMIZATION_LEVEL = 0;
				GCC_PREPROCESSOR_DEFINITIONS = (
					"DEBUG=1",
					"$(inherited)",
				);
				GCC_WARN_64_TO_32_BIT_CONVERSION = YES;
				GCC_WARN_ABOUT_RETURN_TYPE = YES_ERROR;
				GCC_WARN_UNDECLARED_SELECTOR = YES;
				GCC_WARN_UNINITIALIZED_AUTOS = YES_AGGRESSIVE;
				GCC_WARN_UNUSED_FUNCTION = YES;
				GCC_WARN_UNUSED_VARIABLE = YES;
				IPHONEOS_DEPLOYMENT_TARGET = 9.1;
				MTL_ENABLE_DEBUG_INFO = YES;
				ONLY_ACTIVE_ARCH = YES;
				SDKROOT = iphoneos;
			};
			name = Debug;
		};
		841227411CCB7A3900F7ED31 /* Release */ = {
			isa = XCBuildConfiguration;
			buildSettings = {
				ALWAYS_SEARCH_USER_PATHS = NO;
				CLANG_CXX_LANGUAGE_STANDARD = "gnu++0x";
				CLANG_CXX_LIBRARY = "libc++";
				CLANG_ENABLE_MODULES = YES;
				CLANG_ENABLE_OBJC_ARC = YES;
				CLANG_WARN_BOOL_CONVERSION = YES;
				CLANG_WARN_CONSTANT_CONVERSION = YES;
				CLANG_WARN_DIRECT_OBJC_ISA_USAGE = YES_ERROR;
				CLANG_WARN_EMPTY_BODY = YES;
				CLANG_WARN_ENUM_CONVERSION = YES;
				CLANG_WARN_INT_CONVERSION = YES;
				CLANG_WARN_OBJC_ROOT_CLASS = YES_ERROR;
				CLANG_WARN_UNREACHABLE_CODE = YES;
				CLANG_WARN__DUPLICATE_METHOD_MATCH = YES;
				"CODE_SIGN_IDENTITY[sdk=iphoneos*]" = "iPhone Developer";
				COPY_PHASE_STRIP = NO;
				DEBUG_INFORMATION_FORMAT = "dwarf-with-dsym";
				ENABLE_NS_ASSERTIONS = NO;
				ENABLE_STRICT_OBJC_MSGSEND = YES;
				GCC_C_LANGUAGE_STANDARD = gnu99;
				GCC_NO_COMMON_BLOCKS = YES;
				GCC_WARN_64_TO_32_BIT_CONVERSION = YES;
				GCC_WARN_ABOUT_RETURN_TYPE = YES_ERROR;
				GCC_WARN_UNDECLARED_SELECTOR = YES;
				GCC_WARN_UNINITIALIZED_AUTOS = YES_AGGRESSIVE;
				GCC_WARN_UNUSED_FUNCTION = YES;
				GCC_WARN_UNUSED_VARIABLE = YES;
				IPHONEOS_DEPLOYMENT_TARGET = 9.1;
				MTL_ENABLE_DEBUG_INFO = NO;
				SDKROOT = iphoneos;
				VALIDATE_PRODUCT = YES;
			};
			name = Release;
		};
		841227431CCB7A3900F7ED31 /* Debug */ = {
			isa = XCBuildConfiguration;
			buildSettings = {
				ASSETCATALOG_COMPILER_APPICON_NAME = AppIcon;
				INFOPLIST_FILE = shake/Info.plist;
				LD_RUNPATH_SEARCH_PATHS = "$(inherited) @executable_path/Frameworks";
				PRODUCT_BUNDLE_IDENTIFIER = vn.edu.techkids.shake;
				PRODUCT_NAME = "$(TARGET_NAME)";
			};
			name = Debug;
		};
		841227441CCB7A3900F7ED31 /* Release */ = {
			isa = XCBuildConfiguration;
			buildSettings = {
				ASSETCATALOG_COMPILER_APPICON_NAME = AppIcon;
				INFOPLIST_FILE = shake/Info.plist;
				LD_RUNPATH_SEARCH_PATHS = "$(inherited) @executable_path/Frameworks";
				PRODUCT_BUNDLE_IDENTIFIER = vn.edu.techkids.shake;
				PRODUCT_NAME = "$(TARGET_NAME)";
			};
			name = Release;
		};
/* End XCBuildConfiguration section */

/* Begin XCConfigurationList section */
		841227261CCB7A3900F7ED31 /* Build configuration list for PBXProject "shake" */ = {
			isa = XCConfigurationList;
			buildConfigurations = (
				841227401CCB7A3900F7ED31 /* Debug */,
				841227411CCB7A3900F7ED31 /* Release */,
			);
			defaultConfigurationIsVisible = 0;
			defaultConfigurationName = Release;
		};
		841227421CCB7A3900F7ED31 /* Build configuration list for PBXNativeTarget "shake" */ = {
			isa = XCConfigurationList;
			buildConfigurations = (
				841227431CCB7A3900F7ED31 /* Debug */,
				841227441CCB7A3900F7ED31 /* Release */,
			);
			defaultConfigurationIsVisible = 0;
		};
/* End XCConfigurationList section */
	};
	rootObject = 841227231CCB7A3900F7ED31 /* Project object */;
}
