// !$*UTF8*$!
{
	archiveVersion = 1;
	classes = {
	};
	objectVersion = 46;
	objects = {

/* Begin PBXBuildFile section */
		0067ACBE1CB5450700726ACD /* main.m in Sources */ = {isa = PBXBuildFile; fileRef = 0067ACBD1CB5450700726ACD /* main.m */; };
		0067ACC11CB5450700726ACD /* AppDelegate.m in Sources */ = {isa = PBXBuildFile; fileRef = 0067ACC01CB5450700726ACD /* AppDelegate.m */; };
		0067ACC41CB5450700726ACD /* ViewController.m in Sources */ = {isa = PBXBuildFile; fileRef = 0067ACC31CB5450700726ACD /* ViewController.m */; };
		0067ACC71CB5450700726ACD /* Main.storyboard in Resources */ = {isa = PBXBuildFile; fileRef = 0067ACC51CB5450700726ACD /* Main.storyboard */; };
		0067ACC91CB5450700726ACD /* Assets.xcassets in Resources */ = {isa = PBXBuildFile; fileRef = 0067ACC81CB5450700726ACD /* Assets.xcassets */; };
		0067ACCC1CB5450700726ACD /* LaunchScreen.storyboard in Resources */ = {isa = PBXBuildFile; fileRef = 0067ACCA1CB5450700726ACD /* LaunchScreen.storyboard */; };
/* End PBXBuildFile section */

/* Begin PBXFileReference section */
		0067ACB91CB5450700726ACD /* CollectionVIewPractice.app */ = {isa = PBXFileReference; explicitFileType = wrapper.application; includeInIndex = 0; path = CollectionVIewPractice.app; sourceTree = BUILT_PRODUCTS_DIR; };
		0067ACBD1CB5450700726ACD /* main.m */ = {isa = PBXFileReference; lastKnownFileType = sourcecode.c.objc; path = main.m; sourceTree = "<group>"; };
		0067ACBF1CB5450700726ACD /* AppDelegate.h */ = {isa = PBXFileReference; lastKnownFileType = sourcecode.c.h; path = AppDelegate.h; sourceTree = "<group>"; };
		0067ACC01CB5450700726ACD /* AppDelegate.m */ = {isa = PBXFileReference; lastKnownFileType = sourcecode.c.objc; path = AppDelegate.m; sourceTree = "<group>"; };
		0067ACC21CB5450700726ACD /* ViewController.h */ = {isa = PBXFileReference; lastKnownFileType = sourcecode.c.h; path = ViewController.h; sourceTree = "<group>"; };
		0067ACC31CB5450700726ACD /* ViewController.m */ = {isa = PBXFileReference; lastKnownFileType = sourcecode.c.objc; path = ViewController.m; sourceTree = "<group>"; };
		0067ACC61CB5450700726ACD /* Base */ = {isa = PBXFileReference; lastKnownFileType = file.storyboard; name = Base; path = Base.lproj/Main.storyboard; sourceTree = "<group>"; };
		0067ACC81CB5450700726ACD /* Assets.xcassets */ = {isa = PBXFileReference; lastKnownFileType = folder.assetcatalog; path = Assets.xcassets; sourceTree = "<group>"; };
		0067ACCB1CB5450700726ACD /* Base */ = {isa = PBXFileReference; lastKnownFileType = file.storyboard; name = Base; path = Base.lproj/LaunchScreen.storyboard; sourceTree = "<group>"; };
		0067ACCD1CB5450700726ACD /* Info.plist */ = {isa = PBXFileReference; lastKnownFileType = text.plist.xml; path = Info.plist; sourceTree = "<group>"; };
/* End PBXFileReference section */

/* Begin PBXFrameworksBuildPhase section */
		0067ACB61CB5450700726ACD /* Frameworks */ = {
			isa = PBXFrameworksBuildPhase;
			buildActionMask = 2147483647;
			files = (
			);
			runOnlyForDeploymentPostprocessing = 0;
		};
/* End PBXFrameworksBuildPhase section */

/* Begin PBXGroup section */
		0067ACB01CB5450700726ACD = {
			isa = PBXGroup;
			children = (
				0067ACBB1CB5450700726ACD /* CollectionVIewPractice */,
				0067ACBA1CB5450700726ACD /* Products */,
			);
			sourceTree = "<group>";
		};
		0067ACBA1CB5450700726ACD /* Products */ = {
			isa = PBXGroup;
			children = (
				0067ACB91CB5450700726ACD /* CollectionVIewPractice.app */,
			);
			name = Products;
			sourceTree = "<group>";
		};
		0067ACBB1CB5450700726ACD /* CollectionVIewPractice */ = {
			isa = PBXGroup;
			children = (
				0067ACBF1CB5450700726ACD /* AppDelegate.h */,
				0067ACC01CB5450700726ACD /* AppDelegate.m */,
				0067ACC21CB5450700726ACD /* ViewController.h */,
				0067ACC31CB5450700726ACD /* ViewController.m */,
				0067ACC51CB5450700726ACD /* Main.storyboard */,
				0067ACC81CB5450700726ACD /* Assets.xcassets */,
				0067ACCA1CB5450700726ACD /* LaunchScreen.storyboard */,
				0067ACCD1CB5450700726ACD /* Info.plist */,
				0067ACBC1CB5450700726ACD /* Supporting Files */,
			);
			path = CollectionVIewPractice;
			sourceTree = "<group>";
		};
		0067ACBC1CB5450700726ACD /* Supporting Files */ = {
			isa = PBXGroup;
			children = (
				0067ACBD1CB5450700726ACD /* main.m */,
			);
			name = "Supporting Files";
			sourceTree = "<group>";
		};
/* End PBXGroup section */

/* Begin PBXNativeTarget section */
		0067ACB81CB5450700726ACD /* CollectionVIewPractice */ = {
			isa = PBXNativeTarget;
			buildConfigurationList = 0067ACD01CB5450700726ACD /* Build configuration list for PBXNativeTarget "CollectionVIewPractice" */;
			buildPhases = (
				0067ACB51CB5450700726ACD /* Sources */,
				0067ACB61CB5450700726ACD /* Frameworks */,
				0067ACB71CB5450700726ACD /* Resources */,
			);
			buildRules = (
			);
			dependencies = (
			);
			name = CollectionVIewPractice;
			productName = CollectionVIewPractice;
			productReference = 0067ACB91CB5450700726ACD /* CollectionVIewPractice.app */;
			productType = "com.apple.product-type.application";
		};
/* End PBXNativeTarget section */

/* Begin PBXProject section */
		0067ACB11CB5450700726ACD /* Project object */ = {
			isa = PBXProject;
			attributes = {
				LastUpgradeCheck = 0720;
				ORGANIZATIONNAME = TechKids;
				TargetAttributes = {
					0067ACB81CB5450700726ACD = {
						CreatedOnToolsVersion = 7.2;
					};
				};
			};
			buildConfigurationList = 0067ACB41CB5450700726ACD /* Build configuration list for PBXProject "CollectionVIewPractice" */;
			compatibilityVersion = "Xcode 3.2";
			developmentRegion = English;
			hasScannedForEncodings = 0;
			knownRegions = (
				en,
				Base,
			);
			mainGroup = 0067ACB01CB5450700726ACD;
			productRefGroup = 0067ACBA1CB5450700726ACD /* Products */;
			projectDirPath = "";
			projectRoot = "";
			targets = (
				0067ACB81CB5450700726ACD /* CollectionVIewPractice */,
			);
		};
/* End PBXProject section */

/* Begin PBXResourcesBuildPhase section */
		0067ACB71CB5450700726ACD /* Resources */ = {
			isa = PBXResourcesBuildPhase;
			buildActionMask = 2147483647;
			files = (
				0067ACCC1CB5450700726ACD /* LaunchScreen.storyboard in Resources */,
				0067ACC91CB5450700726ACD /* Assets.xcassets in Resources */,
				0067ACC71CB5450700726ACD /* Main.storyboard in Resources */,
			);
			runOnlyForDeploymentPostprocessing = 0;
		};
/* End PBXResourcesBuildPhase section */

/* Begin PBXSourcesBuildPhase section */
		0067ACB51CB5450700726ACD /* Sources */ = {
			isa = PBXSourcesBuildPhase;
			buildActionMask = 2147483647;
			files = (
				0067ACC41CB5450700726ACD /* ViewController.m in Sources */,
				0067ACC11CB5450700726ACD /* AppDelegate.m in Sources */,
				0067ACBE1CB5450700726ACD /* main.m in Sources */,
			);
			runOnlyForDeploymentPostprocessing = 0;
		};
/* End PBXSourcesBuildPhase section */

/* Begin PBXVariantGroup section */
		0067ACC51CB5450700726ACD /* Main.storyboard */ = {
			isa = PBXVariantGroup;
			children = (
				0067ACC61CB5450700726ACD /* Base */,
			);
			name = Main.storyboard;
			sourceTree = "<group>";
		};
		0067ACCA1CB5450700726ACD /* LaunchScreen.storyboard */ = {
			isa = PBXVariantGroup;
			children = (
				0067ACCB1CB5450700726ACD /* Base */,
			);
			name = LaunchScreen.storyboard;
			sourceTree = "<group>";
		};
/* End PBXVariantGroup section */

/* Begin XCBuildConfiguration section */
		0067ACCE1CB5450700726ACD /* Debug */ = {
			isa = XCBuildConfiguration;
			buildSettings = {
				ALWAYS_SEARCH_USER_PATHS = NO;
				CLANG_CXX_LANGUAGE_STANDARD = "gnu++0x";
				CLANG_CXX_LIBRARY = "libc++";
				CLANG_ENABLE_MODULES = YES;
				CLANG_ENABLE_OBJC_ARC = YES;
				CLANG_WARN_BOOL_CONVERSION = YES;
				CLANG_WARN_CONSTANT_CONVERSION = YES;
				CLANG_WARN_DIRECT_OBJC_ISA_USAGE = YES_ERROR;
				CLANG_WARN_EMPTY_BODY = YES;
				CLANG_WARN_ENUM_CONVERSION = YES;
				CLANG_WARN_INT_CONVERSION = YES;
				CLANG_WARN_OBJC_ROOT_CLASS = YES_ERROR;
				CLANG_WARN_UNREACHABLE_CODE = YES;
				CLANG_WARN__DUPLICATE_METHOD_MATCH = YES;
				"CODE_SIGN_IDENTITY[sdk=iphoneos*]" = "iPhone Developer";
				COPY_PHASE_STRIP = NO;
				DEBUG_INFORMATION_FORMAT = dwarf;
				ENABLE_STRICT_OBJC_MSGSEND = YES;
				ENABLE_TESTABILITY = YES;
				GCC_C_LANGUAGE_STANDARD = gnu99;
				GCC_DYNAMIC_NO_PIC = NO;
				GCC_NO_COMMON_BLOCKS = YES;
				GCC_OPTIMIZATION_LEVEL = 0;
				GCC_PREPROCESSOR_DEFINITIONS = (
					"DEBUG=1",
					"$(inherited)",
				);
				GCC_WARN_64_TO_32_BIT_CONVERSION = YES;
				GCC_WARN_ABOUT_RETURN_TYPE = YES_ERROR;
				GCC_WARN_UNDECLARED_SELECTOR = YES;
				GCC_WARN_UNINITIALIZED_AUTOS = YES_AGGRESSIVE;
				GCC_WARN_UNUSED_FUNCTION = YES;
				GCC_WARN_UNUSED_VARIABLE = YES;
				IPHONEOS_DEPLOYMENT_TARGET = 9.2;
				MTL_ENABLE_DEBUG_INFO = YES;
				ONLY_ACTIVE_ARCH = YES;
				SDKROOT = iphoneos;
			};
			name = Debug;
		};
		0067ACCF1CB5450700726ACD /* Release */ = {
			isa = XCBuildConfiguration;
			buildSettings = {
				ALWAYS_SEARCH_USER_PATHS = NO;
				CLANG_CXX_LANGUAGE_STANDARD = "gnu++0x";
				CLANG_CXX_LIBRARY = "libc++";
				CLANG_ENABLE_MODULES = YES;
				CLANG_ENABLE_OBJC_ARC = YES;
				CLANG_WARN_BOOL_CONVERSION = YES;
				CLANG_WARN_CONSTANT_CONVERSION = YES;
				CLANG_WARN_DIRECT_OBJC_ISA_USAGE = YES_ERROR;
				CLANG_WARN_EMPTY_BODY = YES;
				CLANG_WARN_ENUM_CONVERSION = YES;
				CLANG_WARN_INT_CONVERSION = YES;
				CLANG_WARN_OBJC_ROOT_CLASS = YES_ERROR;
				CLANG_WARN_UNREACHABLE_CODE = YES;
				CLANG_WARN__DUPLICATE_METHOD_MATCH = YES;
				"CODE_SIGN_IDENTITY[sdk=iphoneos*]" = "iPhone Developer";
				COPY_PHASE_STRIP = NO;
				DEBUG_INFORMATION_FORMAT = "dwarf-with-dsym";
				ENABLE_NS_ASSERTIONS = NO;
				ENABLE_STRICT_OBJC_MSGSEND = YES;
				GCC_C_LANGUAGE_STANDARD = gnu99;
				GCC_NO_COMMON_BLOCKS = YES;
				GCC_WARN_64_TO_32_BIT_CONVERSION = YES;
				GCC_WARN_ABOUT_RETURN_TYPE = YES_ERROR;
				GCC_WARN_UNDECLARED_SELECTOR = YES;
				GCC_WARN_UNINITIALIZED_AUTOS = YES_AGGRESSIVE;
				GCC_WARN_UNUSED_FUNCTION = YES;
				GCC_WARN_UNUSED_VARIABLE = YES;
				IPHONEOS_DEPLOYMENT_TARGET = 9.2;
				MTL_ENABLE_DEBUG_INFO = NO;
				SDKROOT = iphoneos;
				VALIDATE_PRODUCT = YES;
			};
			name = Release;
		};
		0067ACD11CB5450700726ACD /* Debug */ = {
			isa = XCBuildConfiguration;
			buildSettings = {
				ASSETCATALOG_COMPILER_APPICON_NAME = AppIcon;
				INFOPLIST_FILE = CollectionVIewPractice/Info.plist;
				LD_RUNPATH_SEARCH_PATHS = "$(inherited) @executable_path/Frameworks";
				PRODUCT_BUNDLE_IDENTIFIER = vn.edu.techkids.CollectionVIewPractice;
				PRODUCT_NAME = "$(TARGET_NAME)";
			};
			name = Debug;
		};
		0067ACD21CB5450700726ACD /* Release */ = {
			isa = XCBuildConfiguration;
			buildSettings = {
				ASSETCATALOG_COMPILER_APPICON_NAME = AppIcon;
				INFOPLIST_FILE = CollectionVIewPractice/Info.plist;
				LD_RUNPATH_SEARCH_PATHS = "$(inherited) @executable_path/Frameworks";
				PRODUCT_BUNDLE_IDENTIFIER = vn.edu.techkids.CollectionVIewPractice;
				PRODUCT_NAME = "$(TARGET_NAME)";
			};
			name = Release;
		};
/* End XCBuildConfiguration section */

/* Begin XCConfigurationList section */
		0067ACB41CB5450700726ACD /* Build configuration list for PBXProject "CollectionVIewPractice" */ = {
			isa = XCConfigurationList;
			buildConfigurations = (
				0067ACCE1CB5450700726ACD /* Debug */,
				0067ACCF1CB5450700726ACD /* Release */,
			);
			defaultConfigurationIsVisible = 0;
			defaultConfigurationName = Release;
		};
		0067ACD01CB5450700726ACD /* Build configuration list for PBXNativeTarget "CollectionVIewPractice" */ = {
			isa = XCConfigurationList;
			buildConfigurations = (
				0067ACD11CB5450700726ACD /* Debug */,
				0067ACD21CB5450700726ACD /* Release */,
			);
			defaultConfigurationIsVisible = 0;
		};
/* End XCConfigurationList section */
	};
	rootObject = 0067ACB11CB5450700726ACD /* Project object */;
}
